// !$*UTF8*$!
{
	archiveVersion = 1;
	classes = {
	};
	objectVersion = 56;
	objects = {

/* Begin PBXBuildFile section */
		0E1314182C46777B00B7F9F4 /* VideoViewController.swift in Sources */ = {isa = PBXBuildFile; fileRef = 0E1314172C46777B00B7F9F4 /* VideoViewController.swift */; };
		0E13141A2C467A6300B7F9F4 /* VideoViewModel.swift in Sources */ = {isa = PBXBuildFile; fileRef = 0E1314192C467A6300B7F9F4 /* VideoViewModel.swift */; };
		0E13141C2C46893300B7F9F4 /* VideoDetailViewController.swift in Sources */ = {isa = PBXBuildFile; fileRef = 0E13141B2C46893300B7F9F4 /* VideoDetailViewController.swift */; };
		0E13141F2C4691A400B7F9F4 /* AudioViewController.swift in Sources */ = {isa = PBXBuildFile; fileRef = 0E13141E2C4691A400B7F9F4 /* AudioViewController.swift */; };
		0E1314212C4691D100B7F9F4 /* AudioViewModel.swift in Sources */ = {isa = PBXBuildFile; fileRef = 0E1314202C4691D100B7F9F4 /* AudioViewModel.swift */; };
		0E6AAEC52C3E8724002E547E /* AppDelegate.swift in Sources */ = {isa = PBXBuildFile; fileRef = 0E6AAEC42C3E8724002E547E /* AppDelegate.swift */; };
		0E6AAEC72C3E8724002E547E /* SceneDelegate.swift in Sources */ = {isa = PBXBuildFile; fileRef = 0E6AAEC62C3E8724002E547E /* SceneDelegate.swift */; };
		0E6AAECF2C3E8724002E547E /* JAGIJUDO.xcdatamodeld in Sources */ = {isa = PBXBuildFile; fileRef = 0E6AAECD2C3E8724002E547E /* JAGIJUDO.xcdatamodeld */; };
		0E6AAED12C3E8726002E547E /* Assets.xcassets in Resources */ = {isa = PBXBuildFile; fileRef = 0E6AAED02C3E8726002E547E /* Assets.xcassets */; };
		0E6AAED42C3E8726002E547E /* LaunchScreen.storyboard in Resources */ = {isa = PBXBuildFile; fileRef = 0E6AAED22C3E8726002E547E /* LaunchScreen.storyboard */; };
		0E6AAEDD2C3E8835002E547E /* Then in Frameworks */ = {isa = PBXBuildFile; productRef = 0E6AAEDC2C3E8835002E547E /* Then */; };
		0E6AAEE02C3E884D002E547E /* RxDataSources in Frameworks */ = {isa = PBXBuildFile; productRef = 0E6AAEDF2C3E884D002E547E /* RxDataSources */; };
		0E6AAEE32C3E885A002E547E /* Alamofire in Frameworks */ = {isa = PBXBuildFile; productRef = 0E6AAEE22C3E885A002E547E /* Alamofire */; };
		0E6AAEE62C3E8866002E547E /* SnapKit in Frameworks */ = {isa = PBXBuildFile; productRef = 0E6AAEE52C3E8866002E547E /* SnapKit */; };
		0E6AAEEA2C3E88AC002E547E /* WordStorage.swift in Sources */ = {isa = PBXBuildFile; fileRef = 0E6AAEE92C3E88AC002E547E /* WordStorage.swift */; };
		0E6AAEEC2C3E88BE002E547E /* WordSetStorage.swift in Sources */ = {isa = PBXBuildFile; fileRef = 0E6AAEEB2C3E88BE002E547E /* WordSetStorage.swift */; };
		0E6AAEEE2C3E88CA002E547E /* WordStorageType.swift in Sources */ = {isa = PBXBuildFile; fileRef = 0E6AAEED2C3E88CA002E547E /* WordStorageType.swift */; };
		0E6AAEF02C3E88D5002E547E /* WordSetStorageType.swift in Sources */ = {isa = PBXBuildFile; fileRef = 0E6AAEEF2C3E88D5002E547E /* WordSetStorageType.swift */; };
		0E6AAEF32C3E896C002E547E /* Word.swift in Sources */ = {isa = PBXBuildFile; fileRef = 0E6AAEF22C3E896C002E547E /* Word.swift */; };
		0E6AAEF52C3E897A002E547E /* WordSet.swift in Sources */ = {isa = PBXBuildFile; fileRef = 0E6AAEF42C3E897A002E547E /* WordSet.swift */; };
		0E6AAEF72C3E89A7002E547E /* TestWord.swift in Sources */ = {isa = PBXBuildFile; fileRef = 0E6AAEF62C3E89A7002E547E /* TestWord.swift */; };
		0E6AAEFA2C3E8A2F002E547E /* AlertView.swift in Sources */ = {isa = PBXBuildFile; fileRef = 0E6AAEF92C3E8A2F002E547E /* AlertView.swift */; };
		0E6AAEFD2C3E8A5E002E547E /* TranslatorManager.swift in Sources */ = {isa = PBXBuildFile; fileRef = 0E6AAEFC2C3E8A5E002E547E /* TranslatorManager.swift */; };
		0E6AAF002C3E8A77002E547E /* UIColor+.swift in Sources */ = {isa = PBXBuildFile; fileRef = 0E6AAEFF2C3E8A77002E547E /* UIColor+.swift */; };
		0E6AAF022C3E8A86002E547E /* UserDefaults+.swift in Sources */ = {isa = PBXBuildFile; fileRef = 0E6AAF012C3E8A86002E547E /* UserDefaults+.swift */; };
		0E6AAF042C3E8A92002E547E /* Language.swift in Sources */ = {isa = PBXBuildFile; fileRef = 0E6AAF032C3E8A92002E547E /* Language.swift */; };
		0E6AAF082C3E8B07002E547E /* Bookmark.swift in Sources */ = {isa = PBXBuildFile; fileRef = 0E6AAF072C3E8B07002E547E /* Bookmark.swift */; };
		0E6AAF0A2C3E8B12002E547E /* Type.swift in Sources */ = {isa = PBXBuildFile; fileRef = 0E6AAF092C3E8B12002E547E /* Type.swift */; };
		0E6AAF0C2C3E8B25002E547E /* TranslateRequesModel.swift in Sources */ = {isa = PBXBuildFile; fileRef = 0E6AAF0B2C3E8B25002E547E /* TranslateRequesModel.swift */; };
		0E6AAF0E2C3E8B30002E547E /* TranslateReponseModel.swift in Sources */ = {isa = PBXBuildFile; fileRef = 0E6AAF0D2C3E8B30002E547E /* TranslateReponseModel.swift */; };
		0E6AAF112C3E8B4E002E547E /* AudioImpl.swift in Sources */ = {isa = PBXBuildFile; fileRef = 0E6AAF102C3E8B4E002E547E /* AudioImpl.swift */; };
		0E6AAF142C3E8B64002E547E /* DateHelper.swift in Sources */ = {isa = PBXBuildFile; fileRef = 0E6AAF132C3E8B64002E547E /* DateHelper.swift */; };
		0E6AAF1A2C3E8BB3002E547E /* TranslateViewController.swift in Sources */ = {isa = PBXBuildFile; fileRef = 0E6AAF192C3E8BB3002E547E /* TranslateViewController.swift */; };
		0E6AAF1C2C3E8BC2002E547E /* SourceTextViewController.swift in Sources */ = {isa = PBXBuildFile; fileRef = 0E6AAF1B2C3E8BC2002E547E /* SourceTextViewController.swift */; };
		0E6AAF1F2C3E8BD8002E547E /* BookmarkListViewController.swift in Sources */ = {isa = PBXBuildFile; fileRef = 0E6AAF1E2C3E8BD8002E547E /* BookmarkListViewController.swift */; };
		0E6AAF212C3E8BEB002E547E /* BookmarkCollectionViewCell.swift in Sources */ = {isa = PBXBuildFile; fileRef = 0E6AAF202C3E8BEB002E547E /* BookmarkCollectionViewCell.swift */; };
		0E6AAF232C3E8BF6002E547E /* BookmarkTextStackView.swift in Sources */ = {isa = PBXBuildFile; fileRef = 0E6AAF222C3E8BF6002E547E /* BookmarkTextStackView.swift */; };
		0E6AAF272C3E8CB6002E547E /* WordSetViewModel.swift in Sources */ = {isa = PBXBuildFile; fileRef = 0E6AAF262C3E8CB6002E547E /* WordSetViewModel.swift */; };
		0E6AAF292C3E8CC3002E547E /* WordSetViewController.swift in Sources */ = {isa = PBXBuildFile; fileRef = 0E6AAF282C3E8CC3002E547E /* WordSetViewController.swift */; };
		0E6AAF2B2C3E8CCD002E547E /* WordSetTableViewCell.swift in Sources */ = {isa = PBXBuildFile; fileRef = 0E6AAF2A2C3E8CCD002E547E /* WordSetTableViewCell.swift */; };
		0E6AAF2E2C3E8CE1002E547E /* WordSetCreateViewModel.swift in Sources */ = {isa = PBXBuildFile; fileRef = 0E6AAF2D2C3E8CE1002E547E /* WordSetCreateViewModel.swift */; };
		0E6AAF302C3E8CEB002E547E /* WordSetCreateViewController.swift in Sources */ = {isa = PBXBuildFile; fileRef = 0E6AAF2F2C3E8CEB002E547E /* WordSetCreateViewController.swift */; };
		0E6AAF342C3E8D14002E547E /* WordListCreateViewModel.swift in Sources */ = {isa = PBXBuildFile; fileRef = 0E6AAF332C3E8D14002E547E /* WordListCreateViewModel.swift */; };
		0E6AAF362C3E8D27002E547E /* WordListCreateViewController.swift in Sources */ = {isa = PBXBuildFile; fileRef = 0E6AAF352C3E8D27002E547E /* WordListCreateViewController.swift */; };
		0E6AAF382C3E8D32002E547E /* WordListViewModel.swift in Sources */ = {isa = PBXBuildFile; fileRef = 0E6AAF372C3E8D32002E547E /* WordListViewModel.swift */; };
		0E6AAF3A2C3E8D3F002E547E /* WordListViewController.swift in Sources */ = {isa = PBXBuildFile; fileRef = 0E6AAF392C3E8D3F002E547E /* WordListViewController.swift */; };
		0E6AAF3C2C3E8D49002E547E /* WordListTableViewCell.swift in Sources */ = {isa = PBXBuildFile; fileRef = 0E6AAF3B2C3E8D49002E547E /* WordListTableViewCell.swift */; };
		0E6AAF412C3E8D79002E547E /* TestResultViewModel.swift in Sources */ = {isa = PBXBuildFile; fileRef = 0E6AAF402C3E8D79002E547E /* TestResultViewModel.swift */; };
		0E6AAF432C3E8D86002E547E /* TestResultViewController.swift in Sources */ = {isa = PBXBuildFile; fileRef = 0E6AAF422C3E8D86002E547E /* TestResultViewController.swift */; };
		0E6AAF452C3E8D92002E547E /* TestResultCollectionViewCell.swift in Sources */ = {isa = PBXBuildFile; fileRef = 0E6AAF442C3E8D92002E547E /* TestResultCollectionViewCell.swift */; };
		0E6AAF472C3E8D9E002E547E /* TestViewController.swift in Sources */ = {isa = PBXBuildFile; fileRef = 0E6AAF462C3E8D9E002E547E /* TestViewController.swift */; };
		0E6AAF4A2C3E8DAF002E547E /* TestViewModel.swift in Sources */ = {isa = PBXBuildFile; fileRef = 0E6AAF492C3E8DAF002E547E /* TestViewModel.swift */; };
		0E6AAF4D2C3E8DEC002E547E /* Composition.swift in Sources */ = {isa = PBXBuildFile; fileRef = 0E6AAF4C2C3E8DEC002E547E /* Composition.swift */; };
		0E6AAF502C3E8E04002E547E /* Coordinator.swift in Sources */ = {isa = PBXBuildFile; fileRef = 0E6AAF4F2C3E8E04002E547E /* Coordinator.swift */; };
		0E6AAF522C3E8E0E002E547E /* Transition.swift in Sources */ = {isa = PBXBuildFile; fileRef = 0E6AAF512C3E8E0E002E547E /* Transition.swift */; };
		0E6AAF542C3E8E1B002E547E /* Scene.swift in Sources */ = {isa = PBXBuildFile; fileRef = 0E6AAF532C3E8E1B002E547E /* Scene.swift */; };
		0E6AAF572C3E8E2F002E547E /* Image.swift in Sources */ = {isa = PBXBuildFile; fileRef = 0E6AAF562C3E8E2F002E547E /* Image.swift */; };
		0E6AAF592C3E8E4A002E547E /* Color.swift in Sources */ = {isa = PBXBuildFile; fileRef = 0E6AAF582C3E8E4A002E547E /* Color.swift */; };
		0E6AAF5C2C3E8E72002E547E /* WordStorableViewModelType.swift in Sources */ = {isa = PBXBuildFile; fileRef = 0E6AAF5B2C3E8E72002E547E /* WordStorableViewModelType.swift */; };
		0E6AAF5E2C3E8E83002E547E /* WordSetStorableViewModelType.swift in Sources */ = {isa = PBXBuildFile; fileRef = 0E6AAF5D2C3E8E83002E547E /* WordSetStorableViewModelType.swift */; };
		0E6AAF602C3E8E8D002E547E /* ViewModelType.swift in Sources */ = {isa = PBXBuildFile; fileRef = 0E6AAF5F2C3E8E8D002E547E /* ViewModelType.swift */; };
		0E6AAF642C3E9488002E547E /* TranslateViewModel.swift in Sources */ = {isa = PBXBuildFile; fileRef = 0E6AAF632C3E9488002E547E /* TranslateViewModel.swift */; };
		0E6AAF662C3E94BF002E547E /* TranslationService.swift in Sources */ = {isa = PBXBuildFile; fileRef = 0E6AAF652C3E94BF002E547E /* TranslationService.swift */; };
		0E6AAF6E2C3FADAD002E547E /* TabBarViewController.swift in Sources */ = {isa = PBXBuildFile; fileRef = 0E6AAF6D2C3FADAD002E547E /* TabBarViewController.swift */; };
		0E6AAF702C3FE10D002E547E /* BookmarkListViewModel.swift in Sources */ = {isa = PBXBuildFile; fileRef = 0E6AAF6F2C3FE10D002E547E /* BookmarkListViewModel.swift */; };
/* End PBXBuildFile section */

/* Begin PBXFileReference section */
		0E1314172C46777B00B7F9F4 /* VideoViewController.swift */ = {isa = PBXFileReference; lastKnownFileType = sourcecode.swift; path = VideoViewController.swift; sourceTree = "<group>"; };
		0E1314192C467A6300B7F9F4 /* VideoViewModel.swift */ = {isa = PBXFileReference; lastKnownFileType = sourcecode.swift; path = VideoViewModel.swift; sourceTree = "<group>"; };
		0E13141B2C46893300B7F9F4 /* VideoDetailViewController.swift */ = {isa = PBXFileReference; lastKnownFileType = sourcecode.swift; path = VideoDetailViewController.swift; sourceTree = "<group>"; };
		0E13141E2C4691A400B7F9F4 /* AudioViewController.swift */ = {isa = PBXFileReference; lastKnownFileType = sourcecode.swift; path = AudioViewController.swift; sourceTree = "<group>"; };
		0E1314202C4691D100B7F9F4 /* AudioViewModel.swift */ = {isa = PBXFileReference; lastKnownFileType = sourcecode.swift; path = AudioViewModel.swift; sourceTree = "<group>"; };
		0E6AAEC12C3E8724002E547E /* JAGIJUDO.app */ = {isa = PBXFileReference; explicitFileType = wrapper.application; includeInIndex = 0; path = JAGIJUDO.app; sourceTree = BUILT_PRODUCTS_DIR; };
		0E6AAEC42C3E8724002E547E /* AppDelegate.swift */ = {isa = PBXFileReference; lastKnownFileType = sourcecode.swift; path = AppDelegate.swift; sourceTree = "<group>"; };
		0E6AAEC62C3E8724002E547E /* SceneDelegate.swift */ = {isa = PBXFileReference; lastKnownFileType = sourcecode.swift; path = SceneDelegate.swift; sourceTree = "<group>"; };
		0E6AAECE2C3E8724002E547E /* JAGIJUDO.xcdatamodel */ = {isa = PBXFileReference; lastKnownFileType = wrapper.xcdatamodel; path = JAGIJUDO.xcdatamodel; sourceTree = "<group>"; };
		0E6AAED02C3E8726002E547E /* Assets.xcassets */ = {isa = PBXFileReference; lastKnownFileType = folder.assetcatalog; path = Assets.xcassets; sourceTree = "<group>"; };
		0E6AAED32C3E8726002E547E /* Base */ = {isa = PBXFileReference; lastKnownFileType = file.storyboard; name = Base; path = Base.lproj/LaunchScreen.storyboard; sourceTree = "<group>"; };
		0E6AAED52C3E8726002E547E /* Info.plist */ = {isa = PBXFileReference; lastKnownFileType = text.plist.xml; path = Info.plist; sourceTree = "<group>"; };
		0E6AAEE92C3E88AC002E547E /* WordStorage.swift */ = {isa = PBXFileReference; lastKnownFileType = sourcecode.swift; path = WordStorage.swift; sourceTree = "<group>"; };
		0E6AAEEB2C3E88BE002E547E /* WordSetStorage.swift */ = {isa = PBXFileReference; lastKnownFileType = sourcecode.swift; path = WordSetStorage.swift; sourceTree = "<group>"; };
		0E6AAEED2C3E88CA002E547E /* WordStorageType.swift */ = {isa = PBXFileReference; lastKnownFileType = sourcecode.swift; path = WordStorageType.swift; sourceTree = "<group>"; };
		0E6AAEEF2C3E88D5002E547E /* WordSetStorageType.swift */ = {isa = PBXFileReference; lastKnownFileType = sourcecode.swift; path = WordSetStorageType.swift; sourceTree = "<group>"; };
		0E6AAEF22C3E896C002E547E /* Word.swift */ = {isa = PBXFileReference; lastKnownFileType = sourcecode.swift; path = Word.swift; sourceTree = "<group>"; };
		0E6AAEF42C3E897A002E547E /* WordSet.swift */ = {isa = PBXFileReference; lastKnownFileType = sourcecode.swift; path = WordSet.swift; sourceTree = "<group>"; };
		0E6AAEF62C3E89A7002E547E /* TestWord.swift */ = {isa = PBXFileReference; lastKnownFileType = sourcecode.swift; path = TestWord.swift; sourceTree = "<group>"; };
		0E6AAEF92C3E8A2F002E547E /* AlertView.swift */ = {isa = PBXFileReference; lastKnownFileType = sourcecode.swift; path = AlertView.swift; sourceTree = "<group>"; };
		0E6AAEFC2C3E8A5E002E547E /* TranslatorManager.swift */ = {isa = PBXFileReference; lastKnownFileType = sourcecode.swift; path = TranslatorManager.swift; sourceTree = "<group>"; };
		0E6AAEFF2C3E8A77002E547E /* UIColor+.swift */ = {isa = PBXFileReference; lastKnownFileType = sourcecode.swift; path = "UIColor+.swift"; sourceTree = "<group>"; };
		0E6AAF012C3E8A86002E547E /* UserDefaults+.swift */ = {isa = PBXFileReference; lastKnownFileType = sourcecode.swift; path = "UserDefaults+.swift"; sourceTree = "<group>"; };
		0E6AAF032C3E8A92002E547E /* Language.swift */ = {isa = PBXFileReference; lastKnownFileType = sourcecode.swift; path = Language.swift; sourceTree = "<group>"; };
		0E6AAF072C3E8B07002E547E /* Bookmark.swift */ = {isa = PBXFileReference; lastKnownFileType = sourcecode.swift; path = Bookmark.swift; sourceTree = "<group>"; };
		0E6AAF092C3E8B12002E547E /* Type.swift */ = {isa = PBXFileReference; lastKnownFileType = sourcecode.swift; path = Type.swift; sourceTree = "<group>"; };
		0E6AAF0B2C3E8B25002E547E /* TranslateRequesModel.swift */ = {isa = PBXFileReference; lastKnownFileType = sourcecode.swift; path = TranslateRequesModel.swift; sourceTree = "<group>"; };
		0E6AAF0D2C3E8B30002E547E /* TranslateReponseModel.swift */ = {isa = PBXFileReference; lastKnownFileType = sourcecode.swift; path = TranslateReponseModel.swift; sourceTree = "<group>"; };
		0E6AAF102C3E8B4E002E547E /* AudioImpl.swift */ = {isa = PBXFileReference; lastKnownFileType = sourcecode.swift; path = AudioImpl.swift; sourceTree = "<group>"; };
		0E6AAF132C3E8B64002E547E /* DateHelper.swift */ = {isa = PBXFileReference; lastKnownFileType = sourcecode.swift; path = DateHelper.swift; sourceTree = "<group>"; };
		0E6AAF192C3E8BB3002E547E /* TranslateViewController.swift */ = {isa = PBXFileReference; lastKnownFileType = sourcecode.swift; path = TranslateViewController.swift; sourceTree = "<group>"; };
		0E6AAF1B2C3E8BC2002E547E /* SourceTextViewController.swift */ = {isa = PBXFileReference; lastKnownFileType = sourcecode.swift; path = SourceTextViewController.swift; sourceTree = "<group>"; };
		0E6AAF1E2C3E8BD8002E547E /* BookmarkListViewController.swift */ = {isa = PBXFileReference; lastKnownFileType = sourcecode.swift; path = BookmarkListViewController.swift; sourceTree = "<group>"; };
		0E6AAF202C3E8BEB002E547E /* BookmarkCollectionViewCell.swift */ = {isa = PBXFileReference; lastKnownFileType = sourcecode.swift; path = BookmarkCollectionViewCell.swift; sourceTree = "<group>"; };
		0E6AAF222C3E8BF6002E547E /* BookmarkTextStackView.swift */ = {isa = PBXFileReference; lastKnownFileType = sourcecode.swift; path = BookmarkTextStackView.swift; sourceTree = "<group>"; };
		0E6AAF262C3E8CB6002E547E /* WordSetViewModel.swift */ = {isa = PBXFileReference; lastKnownFileType = sourcecode.swift; path = WordSetViewModel.swift; sourceTree = "<group>"; };
		0E6AAF282C3E8CC3002E547E /* WordSetViewController.swift */ = {isa = PBXFileReference; lastKnownFileType = sourcecode.swift; path = WordSetViewController.swift; sourceTree = "<group>"; };
		0E6AAF2A2C3E8CCD002E547E /* WordSetTableViewCell.swift */ = {isa = PBXFileReference; lastKnownFileType = sourcecode.swift; path = WordSetTableViewCell.swift; sourceTree = "<group>"; };
		0E6AAF2D2C3E8CE1002E547E /* WordSetCreateViewModel.swift */ = {isa = PBXFileReference; lastKnownFileType = sourcecode.swift; path = WordSetCreateViewModel.swift; sourceTree = "<group>"; };
		0E6AAF2F2C3E8CEB002E547E /* WordSetCreateViewController.swift */ = {isa = PBXFileReference; lastKnownFileType = sourcecode.swift; path = WordSetCreateViewController.swift; sourceTree = "<group>"; };
		0E6AAF332C3E8D14002E547E /* WordListCreateViewModel.swift */ = {isa = PBXFileReference; lastKnownFileType = sourcecode.swift; path = WordListCreateViewModel.swift; sourceTree = "<group>"; };
		0E6AAF352C3E8D27002E547E /* WordListCreateViewController.swift */ = {isa = PBXFileReference; lastKnownFileType = sourcecode.swift; path = WordListCreateViewController.swift; sourceTree = "<group>"; };
		0E6AAF372C3E8D32002E547E /* WordListViewModel.swift */ = {isa = PBXFileReference; lastKnownFileType = sourcecode.swift; path = WordListViewModel.swift; sourceTree = "<group>"; };
		0E6AAF392C3E8D3F002E547E /* WordListViewController.swift */ = {isa = PBXFileReference; lastKnownFileType = sourcecode.swift; path = WordListViewController.swift; sourceTree = "<group>"; };
		0E6AAF3B2C3E8D49002E547E /* WordListTableViewCell.swift */ = {isa = PBXFileReference; lastKnownFileType = sourcecode.swift; path = WordListTableViewCell.swift; sourceTree = "<group>"; };
		0E6AAF402C3E8D79002E547E /* TestResultViewModel.swift */ = {isa = PBXFileReference; lastKnownFileType = sourcecode.swift; path = TestResultViewModel.swift; sourceTree = "<group>"; };
		0E6AAF422C3E8D86002E547E /* TestResultViewController.swift */ = {isa = PBXFileReference; lastKnownFileType = sourcecode.swift; path = TestResultViewController.swift; sourceTree = "<group>"; };
		0E6AAF442C3E8D92002E547E /* TestResultCollectionViewCell.swift */ = {isa = PBXFileReference; lastKnownFileType = sourcecode.swift; path = TestResultCollectionViewCell.swift; sourceTree = "<group>"; };
		0E6AAF462C3E8D9E002E547E /* TestViewController.swift */ = {isa = PBXFileReference; lastKnownFileType = sourcecode.swift; path = TestViewController.swift; sourceTree = "<group>"; };
		0E6AAF492C3E8DAF002E547E /* TestViewModel.swift */ = {isa = PBXFileReference; lastKnownFileType = sourcecode.swift; path = TestViewModel.swift; sourceTree = "<group>"; };
		0E6AAF4C2C3E8DEC002E547E /* Composition.swift */ = {isa = PBXFileReference; lastKnownFileType = sourcecode.swift; path = Composition.swift; sourceTree = "<group>"; };
		0E6AAF4F2C3E8E04002E547E /* Coordinator.swift */ = {isa = PBXFileReference; lastKnownFileType = sourcecode.swift; path = Coordinator.swift; sourceTree = "<group>"; };
		0E6AAF512C3E8E0E002E547E /* Transition.swift */ = {isa = PBXFileReference; lastKnownFileType = sourcecode.swift; path = Transition.swift; sourceTree = "<group>"; };
		0E6AAF532C3E8E1B002E547E /* Scene.swift */ = {isa = PBXFileReference; lastKnownFileType = sourcecode.swift; path = Scene.swift; sourceTree = "<group>"; };
		0E6AAF562C3E8E2F002E547E /* Image.swift */ = {isa = PBXFileReference; lastKnownFileType = sourcecode.swift; path = Image.swift; sourceTree = "<group>"; };
		0E6AAF582C3E8E4A002E547E /* Color.swift */ = {isa = PBXFileReference; lastKnownFileType = sourcecode.swift; path = Color.swift; sourceTree = "<group>"; };
		0E6AAF5B2C3E8E72002E547E /* WordStorableViewModelType.swift */ = {isa = PBXFileReference; lastKnownFileType = sourcecode.swift; path = WordStorableViewModelType.swift; sourceTree = "<group>"; };
		0E6AAF5D2C3E8E83002E547E /* WordSetStorableViewModelType.swift */ = {isa = PBXFileReference; lastKnownFileType = sourcecode.swift; path = WordSetStorableViewModelType.swift; sourceTree = "<group>"; };
		0E6AAF5F2C3E8E8D002E547E /* ViewModelType.swift */ = {isa = PBXFileReference; lastKnownFileType = sourcecode.swift; path = ViewModelType.swift; sourceTree = "<group>"; };
		0E6AAF632C3E9488002E547E /* TranslateViewModel.swift */ = {isa = PBXFileReference; lastKnownFileType = sourcecode.swift; path = TranslateViewModel.swift; sourceTree = "<group>"; };
		0E6AAF652C3E94BF002E547E /* TranslationService.swift */ = {isa = PBXFileReference; lastKnownFileType = sourcecode.swift; path = TranslationService.swift; sourceTree = "<group>"; };
		0E6AAF6D2C3FADAD002E547E /* TabBarViewController.swift */ = {isa = PBXFileReference; lastKnownFileType = sourcecode.swift; path = TabBarViewController.swift; sourceTree = "<group>"; };
		0E6AAF6F2C3FE10D002E547E /* BookmarkListViewModel.swift */ = {isa = PBXFileReference; lastKnownFileType = sourcecode.swift; path = BookmarkListViewModel.swift; sourceTree = "<group>"; };
/* End PBXFileReference section */

/* Begin PBXFrameworksBuildPhase section */
		0E6AAEBE2C3E8724002E547E /* Frameworks */ = {
			isa = PBXFrameworksBuildPhase;
			buildActionMask = 2147483647;
			files = (
				0E6AAEE32C3E885A002E547E /* Alamofire in Frameworks */,
				0E6AAEE62C3E8866002E547E /* SnapKit in Frameworks */,
				0E6AAEDD2C3E8835002E547E /* Then in Frameworks */,
				0E6AAEE02C3E884D002E547E /* RxDataSources in Frameworks */,
			);
			runOnlyForDeploymentPostprocessing = 0;
		};
/* End PBXFrameworksBuildPhase section */

/* Begin PBXGroup section */
		0E1314162C46776900B7F9F4 /* Video */ = {
			isa = PBXGroup;
			children = (
				0E1314172C46777B00B7F9F4 /* VideoViewController.swift */,
				0E1314192C467A6300B7F9F4 /* VideoViewModel.swift */,
				0E13141B2C46893300B7F9F4 /* VideoDetailViewController.swift */,
			);
			path = Video;
			sourceTree = "<group>";
		};
		0E13141D2C46918100B7F9F4 /* Audio */ = {
			isa = PBXGroup;
			children = (
				0E13141E2C4691A400B7F9F4 /* AudioViewController.swift */,
				0E1314202C4691D100B7F9F4 /* AudioViewModel.swift */,
			);
			path = Audio;
			sourceTree = "<group>";
		};
		0E6AAEB82C3E8724002E547E = {
			isa = PBXGroup;
			children = (
				0E6AAEC32C3E8724002E547E /* JAGIJUDO */,
				0E6AAEC22C3E8724002E547E /* Products */,
			);
			sourceTree = "<group>";
		};
		0E6AAEC22C3E8724002E547E /* Products */ = {
			isa = PBXGroup;
			children = (
				0E6AAEC12C3E8724002E547E /* JAGIJUDO.app */,
			);
			name = Products;
			sourceTree = "<group>";
		};
		0E6AAEC32C3E8724002E547E /* JAGIJUDO */ = {
			isa = PBXGroup;
			children = (
				0E6AAF5A2C3E8E68002E547E /* Type */,
				0E6AAF552C3E8E2A002E547E /* suppter */,
				0E6AAF4E2C3E8DF9002E547E /* Coordinator */,
				0E6AAF4B2C3E8DE2002E547E /* DI */,
				0E6AAF122C3E8B5D002E547E /* Helper */,
				0E6AAF0F2C3E8B47002E547E /* Audio */,
				0E6AAEFE2C3E8A6F002E547E /* Extension */,
				0E6AAEFB2C3E8A57002E547E /* Managers */,
				0E6AAEF82C3E8A22002E547E /* DesignSystem */,
				0E6AAEF12C3E88FF002E547E /* Model */,
				0E6AAEE72C3E8894002E547E /* Service */,
				0E6AAEC42C3E8724002E547E /* AppDelegate.swift */,
				0E6AAEC62C3E8724002E547E /* SceneDelegate.swift */,
				0E6AAF152C3E8B96002E547E /* Scenes */,
				0E6AAED02C3E8726002E547E /* Assets.xcassets */,
				0E6AAED22C3E8726002E547E /* LaunchScreen.storyboard */,
				0E6AAED52C3E8726002E547E /* Info.plist */,
			);
			path = JAGIJUDO;
			sourceTree = "<group>";
		};
		0E6AAEE72C3E8894002E547E /* Service */ = {
			isa = PBXGroup;
			children = (
				0E6AAEE82C3E889C002E547E /* Storage */,
				0E6AAEED2C3E88CA002E547E /* WordStorageType.swift */,
				0E6AAEEF2C3E88D5002E547E /* WordSetStorageType.swift */,
			);
			path = Service;
			sourceTree = "<group>";
		};
		0E6AAEE82C3E889C002E547E /* Storage */ = {
			isa = PBXGroup;
			children = (
				0E6AAECD2C3E8724002E547E /* JAGIJUDO.xcdatamodeld */,
				0E6AAEE92C3E88AC002E547E /* WordStorage.swift */,
				0E6AAEEB2C3E88BE002E547E /* WordSetStorage.swift */,
			);
			path = Storage;
			sourceTree = "<group>";
		};
		0E6AAEF12C3E88FF002E547E /* Model */ = {
			isa = PBXGroup;
			children = (
				0E6AAF062C3E8AF1002E547E /* Translate */,
				0E6AAF052C3E8AE8002E547E /* Word */,
			);
			path = Model;
			sourceTree = "<group>";
		};
		0E6AAEF82C3E8A22002E547E /* DesignSystem */ = {
			isa = PBXGroup;
			children = (
				0E6AAEF92C3E8A2F002E547E /* AlertView.swift */,
			);
			path = DesignSystem;
			sourceTree = "<group>";
		};
		0E6AAEFB2C3E8A57002E547E /* Managers */ = {
			isa = PBXGroup;
			children = (
				0E6AAEFC2C3E8A5E002E547E /* TranslatorManager.swift */,
			);
			path = Managers;
			sourceTree = "<group>";
		};
		0E6AAEFE2C3E8A6F002E547E /* Extension */ = {
			isa = PBXGroup;
			children = (
				0E6AAEFF2C3E8A77002E547E /* UIColor+.swift */,
				0E6AAF012C3E8A86002E547E /* UserDefaults+.swift */,
				0E6AAF032C3E8A92002E547E /* Language.swift */,
			);
			path = Extension;
			sourceTree = "<group>";
		};
		0E6AAF052C3E8AE8002E547E /* Word */ = {
			isa = PBXGroup;
			children = (
				0E6AAEF22C3E896C002E547E /* Word.swift */,
				0E6AAEF42C3E897A002E547E /* WordSet.swift */,
				0E6AAEF62C3E89A7002E547E /* TestWord.swift */,
			);
			path = Word;
			sourceTree = "<group>";
		};
		0E6AAF062C3E8AF1002E547E /* Translate */ = {
			isa = PBXGroup;
			children = (
				0E6AAF072C3E8B07002E547E /* Bookmark.swift */,
				0E6AAF092C3E8B12002E547E /* Type.swift */,
				0E6AAF0B2C3E8B25002E547E /* TranslateRequesModel.swift */,
				0E6AAF0D2C3E8B30002E547E /* TranslateReponseModel.swift */,
			);
			path = Translate;
			sourceTree = "<group>";
		};
		0E6AAF0F2C3E8B47002E547E /* Audio */ = {
			isa = PBXGroup;
			children = (
				0E6AAF102C3E8B4E002E547E /* AudioImpl.swift */,
			);
			path = Audio;
			sourceTree = "<group>";
		};
		0E6AAF122C3E8B5D002E547E /* Helper */ = {
			isa = PBXGroup;
			children = (
				0E6AAF132C3E8B64002E547E /* DateHelper.swift */,
			);
			path = Helper;
			sourceTree = "<group>";
		};
		0E6AAF152C3E8B96002E547E /* Scenes */ = {
			isa = PBXGroup;
			children = (
				0E13141D2C46918100B7F9F4 /* Audio */,
				0E1314162C46776900B7F9F4 /* Video */,
				0E6AAF3D2C3E8D63002E547E /* StudyHome */,
				0E6AAF312C3E8D02002E547E /* WordListHome */,
				0E6AAF242C3E8CA5002E547E /* WordSetHome */,
				0E6AAF1D2C3E8BD1002E547E /* Bookmark */,
				0E6AAF182C3E8BAD002E547E /* Translate */,
				0E6AAF6D2C3FADAD002E547E /* TabBarViewController.swift */,
			);
			path = Scenes;
			sourceTree = "<group>";
		};
		0E6AAF182C3E8BAD002E547E /* Translate */ = {
			isa = PBXGroup;
			children = (
				0E6AAF192C3E8BB3002E547E /* TranslateViewController.swift */,
				0E6AAF632C3E9488002E547E /* TranslateViewModel.swift */,
				0E6AAF652C3E94BF002E547E /* TranslationService.swift */,
				0E6AAF1B2C3E8BC2002E547E /* SourceTextViewController.swift */,
			);
			path = Translate;
			sourceTree = "<group>";
		};
		0E6AAF1D2C3E8BD1002E547E /* Bookmark */ = {
			isa = PBXGroup;
			children = (
				0E6AAF1E2C3E8BD8002E547E /* BookmarkListViewController.swift */,
				0E6AAF202C3E8BEB002E547E /* BookmarkCollectionViewCell.swift */,
				0E6AAF222C3E8BF6002E547E /* BookmarkTextStackView.swift */,
				0E6AAF6F2C3FE10D002E547E /* BookmarkListViewModel.swift */,
			);
			path = Bookmark;
			sourceTree = "<group>";
		};
		0E6AAF242C3E8CA5002E547E /* WordSetHome */ = {
			isa = PBXGroup;
			children = (
				0E6AAF252C3E8CAF002E547E /* FirstHome */,
				0E6AAF2C2C3E8CD8002E547E /* CreateHome */,
			);
			path = WordSetHome;
			sourceTree = "<group>";
		};
		0E6AAF252C3E8CAF002E547E /* FirstHome */ = {
			isa = PBXGroup;
			children = (
				0E6AAF262C3E8CB6002E547E /* WordSetViewModel.swift */,
				0E6AAF282C3E8CC3002E547E /* WordSetViewController.swift */,
				0E6AAF2A2C3E8CCD002E547E /* WordSetTableViewCell.swift */,
			);
			path = FirstHome;
			sourceTree = "<group>";
		};
		0E6AAF2C2C3E8CD8002E547E /* CreateHome */ = {
			isa = PBXGroup;
			children = (
				0E6AAF2D2C3E8CE1002E547E /* WordSetCreateViewModel.swift */,
				0E6AAF2F2C3E8CEB002E547E /* WordSetCreateViewController.swift */,
			);
			path = CreateHome;
			sourceTree = "<group>";
		};
		0E6AAF312C3E8D02002E547E /* WordListHome */ = {
			isa = PBXGroup;
			children = (
				0E6AAF322C3E8D0B002E547E /* CreateHome */,
				0E6AAF372C3E8D32002E547E /* WordListViewModel.swift */,
				0E6AAF392C3E8D3F002E547E /* WordListViewController.swift */,
				0E6AAF3B2C3E8D49002E547E /* WordListTableViewCell.swift */,
			);
			path = WordListHome;
			sourceTree = "<group>";
		};
		0E6AAF322C3E8D0B002E547E /* CreateHome */ = {
			isa = PBXGroup;
			children = (
				0E6AAF332C3E8D14002E547E /* WordListCreateViewModel.swift */,
				0E6AAF352C3E8D27002E547E /* WordListCreateViewController.swift */,
			);
			path = CreateHome;
			sourceTree = "<group>";
		};
		0E6AAF3D2C3E8D63002E547E /* StudyHome */ = {
			isa = PBXGroup;
			children = (
				0E6AAF3E2C3E8D69002E547E /* TestHome */,
			);
			path = StudyHome;
			sourceTree = "<group>";
		};
		0E6AAF3E2C3E8D69002E547E /* TestHome */ = {
			isa = PBXGroup;
			children = (
				0E6AAF3F2C3E8D70002E547E /* TestResultHome */,
				0E6AAF462C3E8D9E002E547E /* TestViewController.swift */,
				0E6AAF492C3E8DAF002E547E /* TestViewModel.swift */,
			);
			path = TestHome;
			sourceTree = "<group>";
		};
		0E6AAF3F2C3E8D70002E547E /* TestResultHome */ = {
			isa = PBXGroup;
			children = (
				0E6AAF402C3E8D79002E547E /* TestResultViewModel.swift */,
				0E6AAF422C3E8D86002E547E /* TestResultViewController.swift */,
				0E6AAF442C3E8D92002E547E /* TestResultCollectionViewCell.swift */,
			);
			path = TestResultHome;
			sourceTree = "<group>";
		};
		0E6AAF4B2C3E8DE2002E547E /* DI */ = {
			isa = PBXGroup;
			children = (
				0E6AAF4C2C3E8DEC002E547E /* Composition.swift */,
			);
			path = DI;
			sourceTree = "<group>";
		};
		0E6AAF4E2C3E8DF9002E547E /* Coordinator */ = {
			isa = PBXGroup;
			children = (
				0E6AAF4F2C3E8E04002E547E /* Coordinator.swift */,
				0E6AAF512C3E8E0E002E547E /* Transition.swift */,
				0E6AAF532C3E8E1B002E547E /* Scene.swift */,
			);
			path = Coordinator;
			sourceTree = "<group>";
		};
		0E6AAF552C3E8E2A002E547E /* suppter */ = {
			isa = PBXGroup;
			children = (
				0E6AAF562C3E8E2F002E547E /* Image.swift */,
				0E6AAF582C3E8E4A002E547E /* Color.swift */,
			);
			path = suppter;
			sourceTree = "<group>";
		};
		0E6AAF5A2C3E8E68002E547E /* Type */ = {
			isa = PBXGroup;
			children = (
				0E6AAF5B2C3E8E72002E547E /* WordStorableViewModelType.swift */,
				0E6AAF5D2C3E8E83002E547E /* WordSetStorableViewModelType.swift */,
				0E6AAF5F2C3E8E8D002E547E /* ViewModelType.swift */,
			);
			path = Type;
			sourceTree = "<group>";
		};
/* End PBXGroup section */

/* Begin PBXNativeTarget section */
		0E6AAEC02C3E8724002E547E /* JAGIJUDO */ = {
			isa = PBXNativeTarget;
			buildConfigurationList = 0E6AAED82C3E8726002E547E /* Build configuration list for PBXNativeTarget "JAGIJUDO" */;
			buildPhases = (
				0E6AAEBD2C3E8724002E547E /* Sources */,
				0E6AAEBE2C3E8724002E547E /* Frameworks */,
				0E6AAEBF2C3E8724002E547E /* Resources */,
			);
			buildRules = (
			);
			dependencies = (
			);
			name = JAGIJUDO;
			packageProductDependencies = (
				0E6AAEDC2C3E8835002E547E /* Then */,
				0E6AAEDF2C3E884D002E547E /* RxDataSources */,
				0E6AAEE22C3E885A002E547E /* Alamofire */,
				0E6AAEE52C3E8866002E547E /* SnapKit */,
			);
			productName = JAGIJUDO;
			productReference = 0E6AAEC12C3E8724002E547E /* JAGIJUDO.app */;
			productType = "com.apple.product-type.application";
		};
/* End PBXNativeTarget section */

/* Begin PBXProject section */
		0E6AAEB92C3E8724002E547E /* Project object */ = {
			isa = PBXProject;
			attributes = {
				BuildIndependentTargetsInParallel = 1;
				LastSwiftUpdateCheck = 1500;
				LastUpgradeCheck = 1500;
				TargetAttributes = {
					0E6AAEC02C3E8724002E547E = {
						CreatedOnToolsVersion = 15.0.1;
					};
				};
			};
			buildConfigurationList = 0E6AAEBC2C3E8724002E547E /* Build configuration list for PBXProject "JAGIJUDO" */;
			compatibilityVersion = "Xcode 14.0";
			developmentRegion = en;
			hasScannedForEncodings = 0;
			knownRegions = (
				en,
				Base,
			);
			mainGroup = 0E6AAEB82C3E8724002E547E;
			packageReferences = (
				0E6AAEDB2C3E8835002E547E /* XCRemoteSwiftPackageReference "Then" */,
				0E6AAEDE2C3E884D002E547E /* XCRemoteSwiftPackageReference "RxDataSources" */,
				0E6AAEE12C3E885A002E547E /* XCRemoteSwiftPackageReference "Alamofire" */,
				0E6AAEE42C3E8866002E547E /* XCRemoteSwiftPackageReference "SnapKit" */,
			);
			productRefGroup = 0E6AAEC22C3E8724002E547E /* Products */;
			projectDirPath = "";
			projectRoot = "";
			targets = (
				0E6AAEC02C3E8724002E547E /* JAGIJUDO */,
			);
		};
/* End PBXProject section */

/* Begin PBXResourcesBuildPhase section */
		0E6AAEBF2C3E8724002E547E /* Resources */ = {
			isa = PBXResourcesBuildPhase;
			buildActionMask = 2147483647;
			files = (
				0E6AAED42C3E8726002E547E /* LaunchScreen.storyboard in Resources */,
				0E6AAED12C3E8726002E547E /* Assets.xcassets in Resources */,
			);
			runOnlyForDeploymentPostprocessing = 0;
		};
/* End PBXResourcesBuildPhase section */

/* Begin PBXSourcesBuildPhase section */
		0E6AAEBD2C3E8724002E547E /* Sources */ = {
			isa = PBXSourcesBuildPhase;
			buildActionMask = 2147483647;
			files = (
				0E6AAF1C2C3E8BC2002E547E /* SourceTextViewController.swift in Sources */,
				0E6AAF2B2C3E8CCD002E547E /* WordSetTableViewCell.swift in Sources */,
				0E6AAEEC2C3E88BE002E547E /* WordSetStorage.swift in Sources */,
				0E6AAEFD2C3E8A5E002E547E /* TranslatorManager.swift in Sources */,
				0E6AAF702C3FE10D002E547E /* BookmarkListViewModel.swift in Sources */,
				0E6AAF292C3E8CC3002E547E /* WordSetViewController.swift in Sources */,
				0E6AAF542C3E8E1B002E547E /* Scene.swift in Sources */,
				0E6AAF412C3E8D79002E547E /* TestResultViewModel.swift in Sources */,
				0E6AAEF32C3E896C002E547E /* Word.swift in Sources */,
				0E6AAF4D2C3E8DEC002E547E /* Composition.swift in Sources */,
				0E6AAF5E2C3E8E83002E547E /* WordSetStorableViewModelType.swift in Sources */,
				0E6AAF212C3E8BEB002E547E /* BookmarkCollectionViewCell.swift in Sources */,
				0E6AAF602C3E8E8D002E547E /* ViewModelType.swift in Sources */,
				0E6AAF232C3E8BF6002E547E /* BookmarkTextStackView.swift in Sources */,
				0E6AAF112C3E8B4E002E547E /* AudioImpl.swift in Sources */,
				0E6AAF1A2C3E8BB3002E547E /* TranslateViewController.swift in Sources */,
				0E6AAEF02C3E88D5002E547E /* WordSetStorageType.swift in Sources */,
				0E6AAF6E2C3FADAD002E547E /* TabBarViewController.swift in Sources */,
				0E13141A2C467A6300B7F9F4 /* VideoViewModel.swift in Sources */,
				0E13141C2C46893300B7F9F4 /* VideoDetailViewController.swift in Sources */,
				0E6AAF082C3E8B07002E547E /* Bookmark.swift in Sources */,
				0E6AAEF52C3E897A002E547E /* WordSet.swift in Sources */,
				0E6AAF522C3E8E0E002E547E /* Transition.swift in Sources */,
				0E6AAF1F2C3E8BD8002E547E /* BookmarkListViewController.swift in Sources */,
				0E6AAF502C3E8E04002E547E /* Coordinator.swift in Sources */,
				0E6AAF362C3E8D27002E547E /* WordListCreateViewController.swift in Sources */,
				0E6AAEFA2C3E8A2F002E547E /* AlertView.swift in Sources */,
				0E6AAF142C3E8B64002E547E /* DateHelper.swift in Sources */,
				0E6AAF592C3E8E4A002E547E /* Color.swift in Sources */,
				0E6AAF452C3E8D92002E547E /* TestResultCollectionViewCell.swift in Sources */,
				0E1314182C46777B00B7F9F4 /* VideoViewController.swift in Sources */,
				0E6AAF5C2C3E8E72002E547E /* WordStorableViewModelType.swift in Sources */,
				0E6AAF272C3E8CB6002E547E /* WordSetViewModel.swift in Sources */,
				0E6AAF572C3E8E2F002E547E /* Image.swift in Sources */,
				0E6AAF022C3E8A86002E547E /* UserDefaults+.swift in Sources */,
				0E6AAF0E2C3E8B30002E547E /* TranslateReponseModel.swift in Sources */,
				0E6AAF0C2C3E8B25002E547E /* TranslateRequesModel.swift in Sources */,
				0E6AAF4A2C3E8DAF002E547E /* TestViewModel.swift in Sources */,
				0E6AAF642C3E9488002E547E /* TranslateViewModel.swift in Sources */,
				0E6AAEEA2C3E88AC002E547E /* WordStorage.swift in Sources */,
				0E6AAEEE2C3E88CA002E547E /* WordStorageType.swift in Sources */,
				0E6AAEC52C3E8724002E547E /* AppDelegate.swift in Sources */,
				0E6AAF472C3E8D9E002E547E /* TestViewController.swift in Sources */,
				0E13141F2C4691A400B7F9F4 /* AudioViewController.swift in Sources */,
				0E6AAECF2C3E8724002E547E /* JAGIJUDO.xcdatamodeld in Sources */,
				0E6AAF662C3E94BF002E547E /* TranslationService.swift in Sources */,
				0E6AAEF72C3E89A7002E547E /* TestWord.swift in Sources */,
				0E6AAF042C3E8A92002E547E /* Language.swift in Sources */,
				0E6AAF342C3E8D14002E547E /* WordListCreateViewModel.swift in Sources */,
				0E6AAF432C3E8D86002E547E /* TestResultViewController.swift in Sources */,
				0E6AAF302C3E8CEB002E547E /* WordSetCreateViewController.swift in Sources */,
				0E6AAEC72C3E8724002E547E /* SceneDelegate.swift in Sources */,
				0E6AAF002C3E8A77002E547E /* UIColor+.swift in Sources */,
				0E6AAF0A2C3E8B12002E547E /* Type.swift in Sources */,
				0E6AAF382C3E8D32002E547E /* WordListViewModel.swift in Sources */,
				0E1314212C4691D100B7F9F4 /* AudioViewModel.swift in Sources */,
				0E6AAF3A2C3E8D3F002E547E /* WordListViewController.swift in Sources */,
				0E6AAF2E2C3E8CE1002E547E /* WordSetCreateViewModel.swift in Sources */,
				0E6AAF3C2C3E8D49002E547E /* WordListTableViewCell.swift in Sources */,
			);
			runOnlyForDeploymentPostprocessing = 0;
		};
/* End PBXSourcesBuildPhase section */

/* Begin PBXVariantGroup section */
		0E6AAED22C3E8726002E547E /* LaunchScreen.storyboard */ = {
			isa = PBXVariantGroup;
			children = (
				0E6AAED32C3E8726002E547E /* Base */,
			);
			name = LaunchScreen.storyboard;
			sourceTree = "<group>";
		};
/* End PBXVariantGroup section */

/* Begin XCBuildConfiguration section */
		0E6AAED62C3E8726002E547E /* Debug */ = {
			isa = XCBuildConfiguration;
			buildSettings = {
				ALWAYS_SEARCH_USER_PATHS = NO;
				ASSETCATALOG_COMPILER_GENERATE_SWIFT_ASSET_SYMBOL_EXTENSIONS = YES;
				CLANG_ANALYZER_NONNULL = YES;
				CLANG_ANALYZER_NUMBER_OBJECT_CONVERSION = YES_AGGRESSIVE;
				CLANG_CXX_LANGUAGE_STANDARD = "gnu++20";
				CLANG_ENABLE_MODULES = YES;
				CLANG_ENABLE_OBJC_ARC = YES;
				CLANG_ENABLE_OBJC_WEAK = YES;
				CLANG_WARN_BLOCK_CAPTURE_AUTORELEASING = YES;
				CLANG_WARN_BOOL_CONVERSION = YES;
				CLANG_WARN_COMMA = YES;
				CLANG_WARN_CONSTANT_CONVERSION = YES;
				CLANG_WARN_DEPRECATED_OBJC_IMPLEMENTATIONS = YES;
				CLANG_WARN_DIRECT_OBJC_ISA_USAGE = YES_ERROR;
				CLANG_WARN_DOCUMENTATION_COMMENTS = YES;
				CLANG_WARN_EMPTY_BODY = YES;
				CLANG_WARN_ENUM_CONVERSION = YES;
				CLANG_WARN_INFINITE_RECURSION = YES;
				CLANG_WARN_INT_CONVERSION = YES;
				CLANG_WARN_NON_LITERAL_NULL_CONVERSION = YES;
				CLANG_WARN_OBJC_IMPLICIT_RETAIN_SELF = YES;
				CLANG_WARN_OBJC_LITERAL_CONVERSION = YES;
				CLANG_WARN_OBJC_ROOT_CLASS = YES_ERROR;
				CLANG_WARN_QUOTED_INCLUDE_IN_FRAMEWORK_HEADER = YES;
				CLANG_WARN_RANGE_LOOP_ANALYSIS = YES;
				CLANG_WARN_STRICT_PROTOTYPES = YES;
				CLANG_WARN_SUSPICIOUS_MOVE = YES;
				CLANG_WARN_UNGUARDED_AVAILABILITY = YES_AGGRESSIVE;
				CLANG_WARN_UNREACHABLE_CODE = YES;
				CLANG_WARN__DUPLICATE_METHOD_MATCH = YES;
				COPY_PHASE_STRIP = NO;
				DEBUG_INFORMATION_FORMAT = dwarf;
				ENABLE_STRICT_OBJC_MSGSEND = YES;
				ENABLE_TESTABILITY = YES;
				ENABLE_USER_SCRIPT_SANDBOXING = YES;
				GCC_C_LANGUAGE_STANDARD = gnu17;
				GCC_DYNAMIC_NO_PIC = NO;
				GCC_NO_COMMON_BLOCKS = YES;
				GCC_OPTIMIZATION_LEVEL = 0;
				GCC_PREPROCESSOR_DEFINITIONS = (
					"DEBUG=1",
					"$(inherited)",
				);
				GCC_WARN_64_TO_32_BIT_CONVERSION = YES;
				GCC_WARN_ABOUT_RETURN_TYPE = YES_ERROR;
				GCC_WARN_UNDECLARED_SELECTOR = YES;
				GCC_WARN_UNINITIALIZED_AUTOS = YES_AGGRESSIVE;
				GCC_WARN_UNUSED_FUNCTION = YES;
				GCC_WARN_UNUSED_VARIABLE = YES;
				IPHONEOS_DEPLOYMENT_TARGET = 17.0;
				LOCALIZATION_PREFERS_STRING_CATALOGS = YES;
				MTL_ENABLE_DEBUG_INFO = INCLUDE_SOURCE;
				MTL_FAST_MATH = YES;
				ONLY_ACTIVE_ARCH = YES;
				SDKROOT = iphoneos;
				SWIFT_ACTIVE_COMPILATION_CONDITIONS = "DEBUG $(inherited)";
				SWIFT_OPTIMIZATION_LEVEL = "-Onone";
			};
			name = Debug;
		};
		0E6AAED72C3E8726002E547E /* Release */ = {
			isa = XCBuildConfiguration;
			buildSettings = {
				ALWAYS_SEARCH_USER_PATHS = NO;
				ASSETCATALOG_COMPILER_GENERATE_SWIFT_ASSET_SYMBOL_EXTENSIONS = YES;
				CLANG_ANALYZER_NONNULL = YES;
				CLANG_ANALYZER_NUMBER_OBJECT_CONVERSION = YES_AGGRESSIVE;
				CLANG_CXX_LANGUAGE_STANDARD = "gnu++20";
				CLANG_ENABLE_MODULES = YES;
				CLANG_ENABLE_OBJC_ARC = YES;
				CLANG_ENABLE_OBJC_WEAK = YES;
				CLANG_WARN_BLOCK_CAPTURE_AUTORELEASING = YES;
				CLANG_WARN_BOOL_CONVERSION = YES;
				CLANG_WARN_COMMA = YES;
				CLANG_WARN_CONSTANT_CONVERSION = YES;
				CLANG_WARN_DEPRECATED_OBJC_IMPLEMENTATIONS = YES;
				CLANG_WARN_DIRECT_OBJC_ISA_USAGE = YES_ERROR;
				CLANG_WARN_DOCUMENTATION_COMMENTS = YES;
				CLANG_WARN_EMPTY_BODY = YES;
				CLANG_WARN_ENUM_CONVERSION = YES;
				CLANG_WARN_INFINITE_RECURSION = YES;
				CLANG_WARN_INT_CONVERSION = YES;
				CLANG_WARN_NON_LITERAL_NULL_CONVERSION = YES;
				CLANG_WARN_OBJC_IMPLICIT_RETAIN_SELF = YES;
				CLANG_WARN_OBJC_LITERAL_CONVERSION = YES;
				CLANG_WARN_OBJC_ROOT_CLASS = YES_ERROR;
				CLANG_WARN_QUOTED_INCLUDE_IN_FRAMEWORK_HEADER = YES;
				CLANG_WARN_RANGE_LOOP_ANALYSIS = YES;
				CLANG_WARN_STRICT_PROTOTYPES = YES;
				CLANG_WARN_SUSPICIOUS_MOVE = YES;
				CLANG_WARN_UNGUARDED_AVAILABILITY = YES_AGGRESSIVE;
				CLANG_WARN_UNREACHABLE_CODE = YES;
				CLANG_WARN__DUPLICATE_METHOD_MATCH = YES;
				COPY_PHASE_STRIP = NO;
				DEBUG_INFORMATION_FORMAT = "dwarf-with-dsym";
				ENABLE_NS_ASSERTIONS = NO;
				ENABLE_STRICT_OBJC_MSGSEND = YES;
				ENABLE_USER_SCRIPT_SANDBOXING = YES;
				GCC_C_LANGUAGE_STANDARD = gnu17;
				GCC_NO_COMMON_BLOCKS = YES;
				GCC_WARN_64_TO_32_BIT_CONVERSION = YES;
				GCC_WARN_ABOUT_RETURN_TYPE = YES_ERROR;
				GCC_WARN_UNDECLARED_SELECTOR = YES;
				GCC_WARN_UNINITIALIZED_AUTOS = YES_AGGRESSIVE;
				GCC_WARN_UNUSED_FUNCTION = YES;
				GCC_WARN_UNUSED_VARIABLE = YES;
				IPHONEOS_DEPLOYMENT_TARGET = 17.0;
				LOCALIZATION_PREFERS_STRING_CATALOGS = YES;
				MTL_ENABLE_DEBUG_INFO = NO;
				MTL_FAST_MATH = YES;
				SDKROOT = iphoneos;
				SWIFT_COMPILATION_MODE = wholemodule;
				VALIDATE_PRODUCT = YES;
			};
			name = Release;
		};
		0E6AAED92C3E8726002E547E /* Debug */ = {
			isa = XCBuildConfiguration;
			buildSettings = {
				ASSETCATALOG_COMPILER_APPICON_NAME = AppIcon;
				ASSETCATALOG_COMPILER_GLOBAL_ACCENT_COLOR_NAME = AccentColor;
				CODE_SIGN_STYLE = Automatic;
				CURRENT_PROJECT_VERSION = 1;
				DEVELOPMENT_TEAM = 92YDTRVDUA;
				GENERATE_INFOPLIST_FILE = YES;
				INFOPLIST_FILE = JAGIJUDO/Info.plist;
				INFOPLIST_KEY_UIApplicationSupportsIndirectInputEvents = YES;
				INFOPLIST_KEY_UILaunchStoryboardName = LaunchScreen;
				INFOPLIST_KEY_UIMainStoryboardFile = "";
				INFOPLIST_KEY_UISupportedInterfaceOrientations_iPad = "UIInterfaceOrientationPortrait UIInterfaceOrientationPortraitUpsideDown UIInterfaceOrientationLandscapeLeft UIInterfaceOrientationLandscapeRight";
				INFOPLIST_KEY_UISupportedInterfaceOrientations_iPhone = "UIInterfaceOrientationPortrait UIInterfaceOrientationLandscapeLeft UIInterfaceOrientationLandscapeRight";
				LD_RUNPATH_SEARCH_PATHS = (
					"$(inherited)",
					"@executable_path/Frameworks",
				);
				MARKETING_VERSION = 1.0;
				PRODUCT_BUNDLE_IDENTIFIER = jjunhaa0211.JAGIJUDO;
				PRODUCT_NAME = "$(TARGET_NAME)";
				SWIFT_EMIT_LOC_STRINGS = YES;
				SWIFT_VERSION = 5.0;
				TARGETED_DEVICE_FAMILY = "1,2";
			};
			name = Debug;
		};
		0E6AAEDA2C3E8726002E547E /* Release */ = {
			isa = XCBuildConfiguration;
			buildSettings = {
				ASSETCATALOG_COMPILER_APPICON_NAME = AppIcon;
				ASSETCATALOG_COMPILER_GLOBAL_ACCENT_COLOR_NAME = AccentColor;
				CODE_SIGN_STYLE = Automatic;
				CURRENT_PROJECT_VERSION = 1;
				DEVELOPMENT_TEAM = 92YDTRVDUA;
				GENERATE_INFOPLIST_FILE = YES;
				INFOPLIST_FILE = JAGIJUDO/Info.plist;
				INFOPLIST_KEY_UIApplicationSupportsIndirectInputEvents = YES;
				INFOPLIST_KEY_UILaunchStoryboardName = LaunchScreen;
				INFOPLIST_KEY_UIMainStoryboardFile = "";
				INFOPLIST_KEY_UISupportedInterfaceOrientations_iPad = "UIInterfaceOrientationPortrait UIInterfaceOrientationPortraitUpsideDown UIInterfaceOrientationLandscapeLeft UIInterfaceOrientationLandscapeRight";
				INFOPLIST_KEY_UISupportedInterfaceOrientations_iPhone = "UIInterfaceOrientationPortrait UIInterfaceOrientationLandscapeLeft UIInterfaceOrientationLandscapeRight";
				LD_RUNPATH_SEARCH_PATHS = (
					"$(inherited)",
					"@executable_path/Frameworks",
				);
				MARKETING_VERSION = 1.0;
				PRODUCT_BUNDLE_IDENTIFIER = jjunhaa0211.JAGIJUDO;
				PRODUCT_NAME = "$(TARGET_NAME)";
				SWIFT_EMIT_LOC_STRINGS = YES;
				SWIFT_VERSION = 5.0;
				TARGETED_DEVICE_FAMILY = "1,2";
			};
			name = Release;
		};
/* End XCBuildConfiguration section */

/* Begin XCConfigurationList section */
		0E6AAEBC2C3E8724002E547E /* Build configuration list for PBXProject "JAGIJUDO" */ = {
			isa = XCConfigurationList;
			buildConfigurations = (
				0E6AAED62C3E8726002E547E /* Debug */,
				0E6AAED72C3E8726002E547E /* Release */,
			);
			defaultConfigurationIsVisible = 0;
			defaultConfigurationName = Release;
		};
		0E6AAED82C3E8726002E547E /* Build configuration list for PBXNativeTarget "JAGIJUDO" */ = {
			isa = XCConfigurationList;
			buildConfigurations = (
				0E6AAED92C3E8726002E547E /* Debug */,
				0E6AAEDA2C3E8726002E547E /* Release */,
			);
			defaultConfigurationIsVisible = 0;
			defaultConfigurationName = Release;
		};
/* End XCConfigurationList section */

/* Begin XCRemoteSwiftPackageReference section */
		0E6AAEDB2C3E8835002E547E /* XCRemoteSwiftPackageReference "Then" */ = {
			isa = XCRemoteSwiftPackageReference;
			repositoryURL = "https://github.com/devxoul/Then";
			requirement = {
				kind = upToNextMajorVersion;
				minimumVersion = 3.0.0;
			};
		};
		0E6AAEDE2C3E884D002E547E /* XCRemoteSwiftPackageReference "RxDataSources" */ = {
			isa = XCRemoteSwiftPackageReference;
			repositoryURL = "https://github.com/RxSwiftCommunity/RxDataSources";
			requirement = {
				kind = upToNextMajorVersion;
				minimumVersion = 5.0.2;
			};
		};
		0E6AAEE12C3E885A002E547E /* XCRemoteSwiftPackageReference "Alamofire" */ = {
			isa = XCRemoteSwiftPackageReference;
			repositoryURL = "https://github.com/Alamofire/Alamofire";
			requirement = {
				kind = upToNextMajorVersion;
				minimumVersion = 5.9.1;
			};
		};
		0E6AAEE42C3E8866002E547E /* XCRemoteSwiftPackageReference "SnapKit" */ = {
			isa = XCRemoteSwiftPackageReference;
			repositoryURL = "https://github.com/SnapKit/SnapKit";
			requirement = {
				kind = upToNextMajorVersion;
				minimumVersion = 5.7.1;
			};
		};
/* End XCRemoteSwiftPackageReference section */

/* Begin XCSwiftPackageProductDependency section */
		0E6AAEDC2C3E8835002E547E /* Then */ = {
			isa = XCSwiftPackageProductDependency;
			package = 0E6AAEDB2C3E8835002E547E /* XCRemoteSwiftPackageReference "Then" */;
			productName = Then;
		};
		0E6AAEDF2C3E884D002E547E /* RxDataSources */ = {
			isa = XCSwiftPackageProductDependency;
			package = 0E6AAEDE2C3E884D002E547E /* XCRemoteSwiftPackageReference "RxDataSources" */;
			productName = RxDataSources;
		};
		0E6AAEE22C3E885A002E547E /* Alamofire */ = {
			isa = XCSwiftPackageProductDependency;
			package = 0E6AAEE12C3E885A002E547E /* XCRemoteSwiftPackageReference "Alamofire" */;
			productName = Alamofire;
		};
		0E6AAEE52C3E8866002E547E /* SnapKit */ = {
			isa = XCSwiftPackageProductDependency;
			package = 0E6AAEE42C3E8866002E547E /* XCRemoteSwiftPackageReference "SnapKit" */;
			productName = SnapKit;
		};
/* End XCSwiftPackageProductDependency section */

/* Begin XCVersionGroup section */
		0E6AAECD2C3E8724002E547E /* JAGIJUDO.xcdatamodeld */ = {
			isa = XCVersionGroup;
			children = (
				0E6AAECE2C3E8724002E547E /* JAGIJUDO.xcdatamodel */,
			);
			currentVersion = 0E6AAECE2C3E8724002E547E /* JAGIJUDO.xcdatamodel */;
			path = JAGIJUDO.xcdatamodeld;
			sourceTree = "<group>";
			versionGroupType = wrapper.xcdatamodel;
		};
/* End XCVersionGroup section */
	};
	rootObject = 0E6AAEB92C3E8724002E547E /* Project object */;
}
