// !$*UTF8*$!
{
	archiveVersion = 1;
	classes = {
	};
	objectVersion = 56;
	objects = {

/* Begin PBXBuildFile section */
		0EF2E0262C3D61BE00F0E8CC /* AppDelegate.swift in Sources */ = {isa = PBXBuildFile; fileRef = 0EF2E0252C3D61BE00F0E8CC /* AppDelegate.swift */; };
		0EF2E0282C3D61BE00F0E8CC /* SceneDelegate.swift in Sources */ = {isa = PBXBuildFile; fileRef = 0EF2E0272C3D61BE00F0E8CC /* SceneDelegate.swift */; };
		0EF2E02F2C3D61C000F0E8CC /* Assets.xcassets in Resources */ = {isa = PBXBuildFile; fileRef = 0EF2E02E2C3D61C000F0E8CC /* Assets.xcassets */; };
		0EF2E0322C3D61C000F0E8CC /* LaunchScreen.storyboard in Resources */ = {isa = PBXBuildFile; fileRef = 0EF2E0302C3D61C000F0E8CC /* LaunchScreen.storyboard */; };
		0EF2E03B2C3D63B400F0E8CC /* SnapKit in Frameworks */ = {isa = PBXBuildFile; productRef = 0EF2E03A2C3D63B400F0E8CC /* SnapKit */; };
		0EF2E03E2C3D640300F0E8CC /* Alamofire in Frameworks */ = {isa = PBXBuildFile; productRef = 0EF2E03D2C3D640300F0E8CC /* Alamofire */; };
		0EF2E0402C3D649D00F0E8CC /* TabBarViewController.swift in Sources */ = {isa = PBXBuildFile; fileRef = 0EF2E03F2C3D649D00F0E8CC /* TabBarViewController.swift */; };
		0EF2E0432C3D685700F0E8CC /* TranslateViewController.swift in Sources */ = {isa = PBXBuildFile; fileRef = 0EF2E0422C3D685700F0E8CC /* TranslateViewController.swift */; };
		0EF2E0462C3D694C00F0E8CC /* Then in Frameworks */ = {isa = PBXBuildFile; productRef = 0EF2E0452C3D694C00F0E8CC /* Then */; };
		0EF2E0482C3D6E2B00F0E8CC /* UIColor+.swift in Sources */ = {isa = PBXBuildFile; fileRef = 0EF2E0472C3D6E2B00F0E8CC /* UIColor+.swift */; };
		0EF2E04A2C3D778900F0E8CC /* SourceTextViewController.swift in Sources */ = {isa = PBXBuildFile; fileRef = 0EF2E0492C3D778900F0E8CC /* SourceTextViewController.swift */; };
		0EF2E04D2C3D835700F0E8CC /* Language.swift in Sources */ = {isa = PBXBuildFile; fileRef = 0EF2E04C2C3D835700F0E8CC /* Language.swift */; };
		0EF2E04F2C3D86BB00F0E8CC /* Bookmark.swift in Sources */ = {isa = PBXBuildFile; fileRef = 0EF2E04E2C3D86BB00F0E8CC /* Bookmark.swift */; };
		0EF2E0512C3D89A400F0E8CC /* UserDefaults+.swift in Sources */ = {isa = PBXBuildFile; fileRef = 0EF2E0502C3D89A400F0E8CC /* UserDefaults+.swift */; };
		0EF2E0542C3D8DCD00F0E8CC /* BookmarkListViewController.swift in Sources */ = {isa = PBXBuildFile; fileRef = 0EF2E0532C3D8DCD00F0E8CC /* BookmarkListViewController.swift */; };
		0EF2E0562C3D901E00F0E8CC /* BookmarkCollectionViewCell.swift in Sources */ = {isa = PBXBuildFile; fileRef = 0EF2E0552C3D901E00F0E8CC /* BookmarkCollectionViewCell.swift */; };
		0EF2E0582C3D934900F0E8CC /* BookmarkTextStackView.swift in Sources */ = {isa = PBXBuildFile; fileRef = 0EF2E0572C3D934900F0E8CC /* BookmarkTextStackView.swift */; };
		0EF2E05A2C3D956300F0E8CC /* Type.swift in Sources */ = {isa = PBXBuildFile; fileRef = 0EF2E0592C3D956300F0E8CC /* Type.swift */; };
		0EF2E05E2C3DA4D800F0E8CC /* TranslateRequesModel.swift in Sources */ = {isa = PBXBuildFile; fileRef = 0EF2E05D2C3DA4D800F0E8CC /* TranslateRequesModel.swift */; };
		0EF2E0602C3DA51800F0E8CC /* TranslateReponseModel.swift in Sources */ = {isa = PBXBuildFile; fileRef = 0EF2E05F2C3DA51800F0E8CC /* TranslateReponseModel.swift */; };
		0EF2E0632C3DA5BE00F0E8CC /* TranslatorManager.swift in Sources */ = {isa = PBXBuildFile; fileRef = 0EF2E0622C3DA5BE00F0E8CC /* TranslatorManager.swift */; };
		0EF2E0652C3E091B00F0E8CC /* PaPago.swift in Sources */ = {isa = PBXBuildFile; fileRef = 0EF2E0642C3E091B00F0E8CC /* PaPago.swift */; };
		0EF2E0672C3E150100F0E8CC /* ChatGPTResponse.swift in Sources */ = {isa = PBXBuildFile; fileRef = 0EF2E0662C3E150100F0E8CC /* ChatGPTResponse.swift */; };
/* End PBXBuildFile section */

/* Begin PBXFileReference section */
		0EF2E0222C3D61BE00F0E8CC /* JAGIJUDO.app */ = {isa = PBXFileReference; explicitFileType = wrapper.application; includeInIndex = 0; path = JAGIJUDO.app; sourceTree = BUILT_PRODUCTS_DIR; };
		0EF2E0252C3D61BE00F0E8CC /* AppDelegate.swift */ = {isa = PBXFileReference; lastKnownFileType = sourcecode.swift; path = AppDelegate.swift; sourceTree = "<group>"; };
		0EF2E0272C3D61BE00F0E8CC /* SceneDelegate.swift */ = {isa = PBXFileReference; lastKnownFileType = sourcecode.swift; path = SceneDelegate.swift; sourceTree = "<group>"; };
		0EF2E02E2C3D61C000F0E8CC /* Assets.xcassets */ = {isa = PBXFileReference; lastKnownFileType = folder.assetcatalog; path = Assets.xcassets; sourceTree = "<group>"; };
		0EF2E0312C3D61C000F0E8CC /* Base */ = {isa = PBXFileReference; lastKnownFileType = file.storyboard; name = Base; path = Base.lproj/LaunchScreen.storyboard; sourceTree = "<group>"; };
		0EF2E0332C3D61C000F0E8CC /* Info.plist */ = {isa = PBXFileReference; lastKnownFileType = text.plist.xml; path = Info.plist; sourceTree = "<group>"; };
		0EF2E03F2C3D649D00F0E8CC /* TabBarViewController.swift */ = {isa = PBXFileReference; lastKnownFileType = sourcecode.swift; path = TabBarViewController.swift; sourceTree = "<group>"; };
		0EF2E0422C3D685700F0E8CC /* TranslateViewController.swift */ = {isa = PBXFileReference; lastKnownFileType = sourcecode.swift; path = TranslateViewController.swift; sourceTree = "<group>"; };
		0EF2E0472C3D6E2B00F0E8CC /* UIColor+.swift */ = {isa = PBXFileReference; lastKnownFileType = sourcecode.swift; path = "UIColor+.swift"; sourceTree = "<group>"; };
		0EF2E0492C3D778900F0E8CC /* SourceTextViewController.swift */ = {isa = PBXFileReference; lastKnownFileType = sourcecode.swift; path = SourceTextViewController.swift; sourceTree = "<group>"; };
		0EF2E04C2C3D835700F0E8CC /* Language.swift */ = {isa = PBXFileReference; lastKnownFileType = sourcecode.swift; path = Language.swift; sourceTree = "<group>"; };
		0EF2E04E2C3D86BB00F0E8CC /* Bookmark.swift */ = {isa = PBXFileReference; lastKnownFileType = sourcecode.swift; path = Bookmark.swift; sourceTree = "<group>"; };
		0EF2E0502C3D89A400F0E8CC /* UserDefaults+.swift */ = {isa = PBXFileReference; lastKnownFileType = sourcecode.swift; path = "UserDefaults+.swift"; sourceTree = "<group>"; };
		0EF2E0532C3D8DCD00F0E8CC /* BookmarkListViewController.swift */ = {isa = PBXFileReference; lastKnownFileType = sourcecode.swift; path = BookmarkListViewController.swift; sourceTree = "<group>"; };
		0EF2E0552C3D901E00F0E8CC /* BookmarkCollectionViewCell.swift */ = {isa = PBXFileReference; lastKnownFileType = sourcecode.swift; path = BookmarkCollectionViewCell.swift; sourceTree = "<group>"; };
		0EF2E0572C3D934900F0E8CC /* BookmarkTextStackView.swift */ = {isa = PBXFileReference; lastKnownFileType = sourcecode.swift; path = BookmarkTextStackView.swift; sourceTree = "<group>"; };
		0EF2E0592C3D956300F0E8CC /* Type.swift */ = {isa = PBXFileReference; lastKnownFileType = sourcecode.swift; path = Type.swift; sourceTree = "<group>"; };
		0EF2E05D2C3DA4D800F0E8CC /* TranslateRequesModel.swift */ = {isa = PBXFileReference; lastKnownFileType = sourcecode.swift; path = TranslateRequesModel.swift; sourceTree = "<group>"; };
		0EF2E05F2C3DA51800F0E8CC /* TranslateReponseModel.swift */ = {isa = PBXFileReference; lastKnownFileType = sourcecode.swift; path = TranslateReponseModel.swift; sourceTree = "<group>"; };
		0EF2E0622C3DA5BE00F0E8CC /* TranslatorManager.swift */ = {isa = PBXFileReference; lastKnownFileType = sourcecode.swift; path = TranslatorManager.swift; sourceTree = "<group>"; };
		0EF2E0642C3E091B00F0E8CC /* PaPago.swift */ = {isa = PBXFileReference; lastKnownFileType = sourcecode.swift; path = PaPago.swift; sourceTree = "<group>"; };
		0EF2E0662C3E150100F0E8CC /* ChatGPTResponse.swift */ = {isa = PBXFileReference; lastKnownFileType = sourcecode.swift; path = ChatGPTResponse.swift; sourceTree = "<group>"; };
/* End PBXFileReference section */

/* Begin PBXFrameworksBuildPhase section */
		0EF2E01F2C3D61BE00F0E8CC /* Frameworks */ = {
			isa = PBXFrameworksBuildPhase;
			buildActionMask = 2147483647;
			files = (
				0EF2E03B2C3D63B400F0E8CC /* SnapKit in Frameworks */,
				0EF2E0462C3D694C00F0E8CC /* Then in Frameworks */,
				0EF2E03E2C3D640300F0E8CC /* Alamofire in Frameworks */,
			);
			runOnlyForDeploymentPostprocessing = 0;
		};
/* End PBXFrameworksBuildPhase section */

/* Begin PBXGroup section */
		0EF2E0192C3D61BE00F0E8CC = {
			isa = PBXGroup;
			children = (
				0EF2E0242C3D61BE00F0E8CC /* JAGIJUDO */,
				0EF2E0232C3D61BE00F0E8CC /* Products */,
			);
			sourceTree = "<group>";
		};
		0EF2E0232C3D61BE00F0E8CC /* Products */ = {
			isa = PBXGroup;
			children = (
				0EF2E0222C3D61BE00F0E8CC /* JAGIJUDO.app */,
			);
			name = Products;
			sourceTree = "<group>";
		};
		0EF2E0242C3D61BE00F0E8CC /* JAGIJUDO */ = {
			isa = PBXGroup;
			children = (
				0EF2E0252C3D61BE00F0E8CC /* AppDelegate.swift */,
				0EF2E0272C3D61BE00F0E8CC /* SceneDelegate.swift */,
				0EF2E0612C3DA5A800F0E8CC /* Managers */,
				0EF2E05C2C3D96B400F0E8CC /* Models */,
				0EF2E0522C3D89DC00F0E8CC /* Extension */,
				0EF2E0412C3D683F00F0E8CC /* Scenes */,
				0EF2E02E2C3D61C000F0E8CC /* Assets.xcassets */,
				0EF2E0302C3D61C000F0E8CC /* LaunchScreen.storyboard */,
				0EF2E0332C3D61C000F0E8CC /* Info.plist */,
			);
			path = JAGIJUDO;
			sourceTree = "<group>";
		};
		0EF2E0412C3D683F00F0E8CC /* Scenes */ = {
			isa = PBXGroup;
			children = (
				0EF2E03F2C3D649D00F0E8CC /* TabBarViewController.swift */,
				0EF2E04B2C3D779600F0E8CC /* Translate */,
				0EF2E05B2C3D969000F0E8CC /* Bookmark */,
			);
			path = Scenes;
			sourceTree = "<group>";
		};
		0EF2E04B2C3D779600F0E8CC /* Translate */ = {
			isa = PBXGroup;
			children = (
				0EF2E0422C3D685700F0E8CC /* TranslateViewController.swift */,
				0EF2E0492C3D778900F0E8CC /* SourceTextViewController.swift */,
			);
			path = Translate;
			sourceTree = "<group>";
		};
		0EF2E0522C3D89DC00F0E8CC /* Extension */ = {
			isa = PBXGroup;
			children = (
				0EF2E0472C3D6E2B00F0E8CC /* UIColor+.swift */,
				0EF2E0502C3D89A400F0E8CC /* UserDefaults+.swift */,
				0EF2E04C2C3D835700F0E8CC /* Language.swift */,
			);
			path = Extension;
			sourceTree = "<group>";
		};
		0EF2E05B2C3D969000F0E8CC /* Bookmark */ = {
			isa = PBXGroup;
			children = (
				0EF2E0532C3D8DCD00F0E8CC /* BookmarkListViewController.swift */,
				0EF2E0552C3D901E00F0E8CC /* BookmarkCollectionViewCell.swift */,
				0EF2E0572C3D934900F0E8CC /* BookmarkTextStackView.swift */,
			);
			path = Bookmark;
			sourceTree = "<group>";
		};
		0EF2E05C2C3D96B400F0E8CC /* Models */ = {
			isa = PBXGroup;
			children = (
				0EF2E04E2C3D86BB00F0E8CC /* Bookmark.swift */,
				0EF2E0592C3D956300F0E8CC /* Type.swift */,
				0EF2E05D2C3DA4D800F0E8CC /* TranslateRequesModel.swift */,
				0EF2E05F2C3DA51800F0E8CC /* TranslateReponseModel.swift */,
				0EF2E0642C3E091B00F0E8CC /* PaPago.swift */,
				0EF2E0662C3E150100F0E8CC /* ChatGPTResponse.swift */,
			);
			path = Models;
			sourceTree = "<group>";
		};
		0EF2E0612C3DA5A800F0E8CC /* Managers */ = {
			isa = PBXGroup;
			children = (
				0EF2E0622C3DA5BE00F0E8CC /* TranslatorManager.swift */,
			);
			path = Managers;
			sourceTree = "<group>";
		};
/* End PBXGroup section */

/* Begin PBXNativeTarget section */
		0EF2E0212C3D61BE00F0E8CC /* JAGIJUDO */ = {
			isa = PBXNativeTarget;
			buildConfigurationList = 0EF2E0362C3D61C000F0E8CC /* Build configuration list for PBXNativeTarget "JAGIJUDO" */;
			buildPhases = (
				0EF2E01E2C3D61BE00F0E8CC /* Sources */,
				0EF2E01F2C3D61BE00F0E8CC /* Frameworks */,
				0EF2E0202C3D61BE00F0E8CC /* Resources */,
			);
			buildRules = (
			);
			dependencies = (
			);
			name = JAGIJUDO;
			packageProductDependencies = (
				0EF2E03A2C3D63B400F0E8CC /* SnapKit */,
				0EF2E03D2C3D640300F0E8CC /* Alamofire */,
				0EF2E0452C3D694C00F0E8CC /* Then */,
			);
			productName = JAGIJUDO;
			productReference = 0EF2E0222C3D61BE00F0E8CC /* JAGIJUDO.app */;
			productType = "com.apple.product-type.application";
		};
/* End PBXNativeTarget section */

/* Begin PBXProject section */
		0EF2E01A2C3D61BE00F0E8CC /* Project object */ = {
			isa = PBXProject;
			attributes = {
				BuildIndependentTargetsInParallel = 1;
				LastSwiftUpdateCheck = 1500;
				LastUpgradeCheck = 1500;
				TargetAttributes = {
					0EF2E0212C3D61BE00F0E8CC = {
						CreatedOnToolsVersion = 15.0.1;
					};
				};
			};
			buildConfigurationList = 0EF2E01D2C3D61BE00F0E8CC /* Build configuration list for PBXProject "JAGIJUDO" */;
			compatibilityVersion = "Xcode 14.0";
			developmentRegion = en;
			hasScannedForEncodings = 0;
			knownRegions = (
				en,
				Base,
			);
			mainGroup = 0EF2E0192C3D61BE00F0E8CC;
			packageReferences = (
				0EF2E0392C3D63B300F0E8CC /* XCRemoteSwiftPackageReference "SnapKit" */,
				0EF2E03C2C3D640300F0E8CC /* XCRemoteSwiftPackageReference "Alamofire" */,
				0EF2E0442C3D694C00F0E8CC /* XCRemoteSwiftPackageReference "Then" */,
			);
			productRefGroup = 0EF2E0232C3D61BE00F0E8CC /* Products */;
			projectDirPath = "";
			projectRoot = "";
			targets = (
				0EF2E0212C3D61BE00F0E8CC /* JAGIJUDO */,
			);
		};
/* End PBXProject section */

/* Begin PBXResourcesBuildPhase section */
		0EF2E0202C3D61BE00F0E8CC /* Resources */ = {
			isa = PBXResourcesBuildPhase;
			buildActionMask = 2147483647;
			files = (
				0EF2E0322C3D61C000F0E8CC /* LaunchScreen.storyboard in Resources */,
				0EF2E02F2C3D61C000F0E8CC /* Assets.xcassets in Resources */,
			);
			runOnlyForDeploymentPostprocessing = 0;
		};
/* End PBXResourcesBuildPhase section */

/* Begin PBXSourcesBuildPhase section */
		0EF2E01E2C3D61BE00F0E8CC /* Sources */ = {
			isa = PBXSourcesBuildPhase;
			buildActionMask = 2147483647;
			files = (
				0EF2E0672C3E150100F0E8CC /* ChatGPTResponse.swift in Sources */,
				0EF2E0402C3D649D00F0E8CC /* TabBarViewController.swift in Sources */,
				0EF2E05E2C3DA4D800F0E8CC /* TranslateRequesModel.swift in Sources */,
				0EF2E0652C3E091B00F0E8CC /* PaPago.swift in Sources */,
				0EF2E0512C3D89A400F0E8CC /* UserDefaults+.swift in Sources */,
				0EF2E0432C3D685700F0E8CC /* TranslateViewController.swift in Sources */,
				0EF2E04A2C3D778900F0E8CC /* SourceTextViewController.swift in Sources */,
				0EF2E04D2C3D835700F0E8CC /* Language.swift in Sources */,
				0EF2E0262C3D61BE00F0E8CC /* AppDelegate.swift in Sources */,
				0EF2E0632C3DA5BE00F0E8CC /* TranslatorManager.swift in Sources */,
				0EF2E0282C3D61BE00F0E8CC /* SceneDelegate.swift in Sources */,
				0EF2E05A2C3D956300F0E8CC /* Type.swift in Sources */,
				0EF2E0482C3D6E2B00F0E8CC /* UIColor+.swift in Sources */,
				0EF2E0542C3D8DCD00F0E8CC /* BookmarkListViewController.swift in Sources */,
				0EF2E04F2C3D86BB00F0E8CC /* Bookmark.swift in Sources */,
				0EF2E0582C3D934900F0E8CC /* BookmarkTextStackView.swift in Sources */,
				0EF2E0562C3D901E00F0E8CC /* BookmarkCollectionViewCell.swift in Sources */,
				0EF2E0602C3DA51800F0E8CC /* TranslateReponseModel.swift in Sources */,
			);
			runOnlyForDeploymentPostprocessing = 0;
		};
/* End PBXSourcesBuildPhase section */

/* Begin PBXVariantGroup section */
		0EF2E0302C3D61C000F0E8CC /* LaunchScreen.storyboard */ = {
			isa = PBXVariantGroup;
			children = (
				0EF2E0312C3D61C000F0E8CC /* Base */,
			);
			name = LaunchScreen.storyboard;
			sourceTree = "<group>";
		};
/* End PBXVariantGroup section */

/* Begin XCBuildConfiguration section */
		0EF2E0342C3D61C000F0E8CC /* Debug */ = {
			isa = XCBuildConfiguration;
			buildSettings = {
				ALWAYS_SEARCH_USER_PATHS = NO;
				ASSETCATALOG_COMPILER_GENERATE_SWIFT_ASSET_SYMBOL_EXTENSIONS = YES;
				CLANG_ANALYZER_NONNULL = YES;
				CLANG_ANALYZER_NUMBER_OBJECT_CONVERSION = YES_AGGRESSIVE;
				CLANG_CXX_LANGUAGE_STANDARD = "gnu++20";
				CLANG_ENABLE_MODULES = YES;
				CLANG_ENABLE_OBJC_ARC = YES;
				CLANG_ENABLE_OBJC_WEAK = YES;
				CLANG_WARN_BLOCK_CAPTURE_AUTORELEASING = YES;
				CLANG_WARN_BOOL_CONVERSION = YES;
				CLANG_WARN_COMMA = YES;
				CLANG_WARN_CONSTANT_CONVERSION = YES;
				CLANG_WARN_DEPRECATED_OBJC_IMPLEMENTATIONS = YES;
				CLANG_WARN_DIRECT_OBJC_ISA_USAGE = YES_ERROR;
				CLANG_WARN_DOCUMENTATION_COMMENTS = YES;
				CLANG_WARN_EMPTY_BODY = YES;
				CLANG_WARN_ENUM_CONVERSION = YES;
				CLANG_WARN_INFINITE_RECURSION = YES;
				CLANG_WARN_INT_CONVERSION = YES;
				CLANG_WARN_NON_LITERAL_NULL_CONVERSION = YES;
				CLANG_WARN_OBJC_IMPLICIT_RETAIN_SELF = YES;
				CLANG_WARN_OBJC_LITERAL_CONVERSION = YES;
				CLANG_WARN_OBJC_ROOT_CLASS = YES_ERROR;
				CLANG_WARN_QUOTED_INCLUDE_IN_FRAMEWORK_HEADER = YES;
				CLANG_WARN_RANGE_LOOP_ANALYSIS = YES;
				CLANG_WARN_STRICT_PROTOTYPES = YES;
				CLANG_WARN_SUSPICIOUS_MOVE = YES;
				CLANG_WARN_UNGUARDED_AVAILABILITY = YES_AGGRESSIVE;
				CLANG_WARN_UNREACHABLE_CODE = YES;
				CLANG_WARN__DUPLICATE_METHOD_MATCH = YES;
				COPY_PHASE_STRIP = NO;
				DEBUG_INFORMATION_FORMAT = dwarf;
				ENABLE_STRICT_OBJC_MSGSEND = YES;
				ENABLE_TESTABILITY = YES;
				ENABLE_USER_SCRIPT_SANDBOXING = YES;
				GCC_C_LANGUAGE_STANDARD = gnu17;
				GCC_DYNAMIC_NO_PIC = NO;
				GCC_NO_COMMON_BLOCKS = YES;
				GCC_OPTIMIZATION_LEVEL = 0;
				GCC_PREPROCESSOR_DEFINITIONS = (
					"DEBUG=1",
					"$(inherited)",
				);
				GCC_WARN_64_TO_32_BIT_CONVERSION = YES;
				GCC_WARN_ABOUT_RETURN_TYPE = YES_ERROR;
				GCC_WARN_UNDECLARED_SELECTOR = YES;
				GCC_WARN_UNINITIALIZED_AUTOS = YES_AGGRESSIVE;
				GCC_WARN_UNUSED_FUNCTION = YES;
				GCC_WARN_UNUSED_VARIABLE = YES;
				IPHONEOS_DEPLOYMENT_TARGET = 17.0;
				LOCALIZATION_PREFERS_STRING_CATALOGS = YES;
				MTL_ENABLE_DEBUG_INFO = INCLUDE_SOURCE;
				MTL_FAST_MATH = YES;
				ONLY_ACTIVE_ARCH = YES;
				SDKROOT = iphoneos;
				SWIFT_ACTIVE_COMPILATION_CONDITIONS = "DEBUG $(inherited)";
				SWIFT_OPTIMIZATION_LEVEL = "-Onone";
			};
			name = Debug;
		};
		0EF2E0352C3D61C000F0E8CC /* Release */ = {
			isa = XCBuildConfiguration;
			buildSettings = {
				ALWAYS_SEARCH_USER_PATHS = NO;
				ASSETCATALOG_COMPILER_GENERATE_SWIFT_ASSET_SYMBOL_EXTENSIONS = YES;
				CLANG_ANALYZER_NONNULL = YES;
				CLANG_ANALYZER_NUMBER_OBJECT_CONVERSION = YES_AGGRESSIVE;
				CLANG_CXX_LANGUAGE_STANDARD = "gnu++20";
				CLANG_ENABLE_MODULES = YES;
				CLANG_ENABLE_OBJC_ARC = YES;
				CLANG_ENABLE_OBJC_WEAK = YES;
				CLANG_WARN_BLOCK_CAPTURE_AUTORELEASING = YES;
				CLANG_WARN_BOOL_CONVERSION = YES;
				CLANG_WARN_COMMA = YES;
				CLANG_WARN_CONSTANT_CONVERSION = YES;
				CLANG_WARN_DEPRECATED_OBJC_IMPLEMENTATIONS = YES;
				CLANG_WARN_DIRECT_OBJC_ISA_USAGE = YES_ERROR;
				CLANG_WARN_DOCUMENTATION_COMMENTS = YES;
				CLANG_WARN_EMPTY_BODY = YES;
				CLANG_WARN_ENUM_CONVERSION = YES;
				CLANG_WARN_INFINITE_RECURSION = YES;
				CLANG_WARN_INT_CONVERSION = YES;
				CLANG_WARN_NON_LITERAL_NULL_CONVERSION = YES;
				CLANG_WARN_OBJC_IMPLICIT_RETAIN_SELF = YES;
				CLANG_WARN_OBJC_LITERAL_CONVERSION = YES;
				CLANG_WARN_OBJC_ROOT_CLASS = YES_ERROR;
				CLANG_WARN_QUOTED_INCLUDE_IN_FRAMEWORK_HEADER = YES;
				CLANG_WARN_RANGE_LOOP_ANALYSIS = YES;
				CLANG_WARN_STRICT_PROTOTYPES = YES;
				CLANG_WARN_SUSPICIOUS_MOVE = YES;
				CLANG_WARN_UNGUARDED_AVAILABILITY = YES_AGGRESSIVE;
				CLANG_WARN_UNREACHABLE_CODE = YES;
				CLANG_WARN__DUPLICATE_METHOD_MATCH = YES;
				COPY_PHASE_STRIP = NO;
				DEBUG_INFORMATION_FORMAT = "dwarf-with-dsym";
				ENABLE_NS_ASSERTIONS = NO;
				ENABLE_STRICT_OBJC_MSGSEND = YES;
				ENABLE_USER_SCRIPT_SANDBOXING = YES;
				GCC_C_LANGUAGE_STANDARD = gnu17;
				GCC_NO_COMMON_BLOCKS = YES;
				GCC_WARN_64_TO_32_BIT_CONVERSION = YES;
				GCC_WARN_ABOUT_RETURN_TYPE = YES_ERROR;
				GCC_WARN_UNDECLARED_SELECTOR = YES;
				GCC_WARN_UNINITIALIZED_AUTOS = YES_AGGRESSIVE;
				GCC_WARN_UNUSED_FUNCTION = YES;
				GCC_WARN_UNUSED_VARIABLE = YES;
				IPHONEOS_DEPLOYMENT_TARGET = 17.0;
				LOCALIZATION_PREFERS_STRING_CATALOGS = YES;
				MTL_ENABLE_DEBUG_INFO = NO;
				MTL_FAST_MATH = YES;
				SDKROOT = iphoneos;
				SWIFT_COMPILATION_MODE = wholemodule;
				VALIDATE_PRODUCT = YES;
			};
			name = Release;
		};
		0EF2E0372C3D61C000F0E8CC /* Debug */ = {
			isa = XCBuildConfiguration;
			buildSettings = {
				ASSETCATALOG_COMPILER_APPICON_NAME = AppIcon;
				ASSETCATALOG_COMPILER_GLOBAL_ACCENT_COLOR_NAME = AccentColor;
				CODE_SIGN_STYLE = Automatic;
				CURRENT_PROJECT_VERSION = 1;
				DEVELOPMENT_TEAM = 92YDTRVDUA;
				GENERATE_INFOPLIST_FILE = YES;
				INFOPLIST_FILE = JAGIJUDO/Info.plist;
				INFOPLIST_KEY_UIApplicationSupportsIndirectInputEvents = YES;
				INFOPLIST_KEY_UILaunchStoryboardName = LaunchScreen;
				INFOPLIST_KEY_UIMainStoryboardFile = "";
				INFOPLIST_KEY_UISupportedInterfaceOrientations_iPad = "UIInterfaceOrientationPortrait UIInterfaceOrientationPortraitUpsideDown UIInterfaceOrientationLandscapeLeft UIInterfaceOrientationLandscapeRight";
				INFOPLIST_KEY_UISupportedInterfaceOrientations_iPhone = "UIInterfaceOrientationPortrait UIInterfaceOrientationLandscapeLeft UIInterfaceOrientationLandscapeRight";
				LD_RUNPATH_SEARCH_PATHS = (
					"$(inherited)",
					"@executable_path/Frameworks",
				);
				MARKETING_VERSION = 1.0;
				PRODUCT_BUNDLE_IDENTIFIER = jjunhaa0211.JAGIJUDO;
				PRODUCT_NAME = "$(TARGET_NAME)";
				SWIFT_EMIT_LOC_STRINGS = YES;
				SWIFT_VERSION = 5.0;
				TARGETED_DEVICE_FAMILY = "1,2";
			};
			name = Debug;
		};
		0EF2E0382C3D61C000F0E8CC /* Release */ = {
			isa = XCBuildConfiguration;
			buildSettings = {
				ASSETCATALOG_COMPILER_APPICON_NAME = AppIcon;
				ASSETCATALOG_COMPILER_GLOBAL_ACCENT_COLOR_NAME = AccentColor;
				CODE_SIGN_STYLE = Automatic;
				CURRENT_PROJECT_VERSION = 1;
				DEVELOPMENT_TEAM = 92YDTRVDUA;
				GENERATE_INFOPLIST_FILE = YES;
				INFOPLIST_FILE = JAGIJUDO/Info.plist;
				INFOPLIST_KEY_UIApplicationSupportsIndirectInputEvents = YES;
				INFOPLIST_KEY_UILaunchStoryboardName = LaunchScreen;
				INFOPLIST_KEY_UIMainStoryboardFile = "";
				INFOPLIST_KEY_UISupportedInterfaceOrientations_iPad = "UIInterfaceOrientationPortrait UIInterfaceOrientationPortraitUpsideDown UIInterfaceOrientationLandscapeLeft UIInterfaceOrientationLandscapeRight";
				INFOPLIST_KEY_UISupportedInterfaceOrientations_iPhone = "UIInterfaceOrientationPortrait UIInterfaceOrientationLandscapeLeft UIInterfaceOrientationLandscapeRight";
				LD_RUNPATH_SEARCH_PATHS = (
					"$(inherited)",
					"@executable_path/Frameworks",
				);
				MARKETING_VERSION = 1.0;
				PRODUCT_BUNDLE_IDENTIFIER = jjunhaa0211.JAGIJUDO;
				PRODUCT_NAME = "$(TARGET_NAME)";
				SWIFT_EMIT_LOC_STRINGS = YES;
				SWIFT_VERSION = 5.0;
				TARGETED_DEVICE_FAMILY = "1,2";
			};
			name = Release;
		};
/* End XCBuildConfiguration section */

/* Begin XCConfigurationList section */
		0EF2E01D2C3D61BE00F0E8CC /* Build configuration list for PBXProject "JAGIJUDO" */ = {
			isa = XCConfigurationList;
			buildConfigurations = (
				0EF2E0342C3D61C000F0E8CC /* Debug */,
				0EF2E0352C3D61C000F0E8CC /* Release */,
			);
			defaultConfigurationIsVisible = 0;
			defaultConfigurationName = Release;
		};
		0EF2E0362C3D61C000F0E8CC /* Build configuration list for PBXNativeTarget "JAGIJUDO" */ = {
			isa = XCConfigurationList;
			buildConfigurations = (
				0EF2E0372C3D61C000F0E8CC /* Debug */,
				0EF2E0382C3D61C000F0E8CC /* Release */,
			);
			defaultConfigurationIsVisible = 0;
			defaultConfigurationName = Release;
		};
/* End XCConfigurationList section */

/* Begin XCRemoteSwiftPackageReference section */
		0EF2E0392C3D63B300F0E8CC /* XCRemoteSwiftPackageReference "SnapKit" */ = {
			isa = XCRemoteSwiftPackageReference;
			repositoryURL = "https://github.com/SnapKit/SnapKit";
			requirement = {
				kind = upToNextMajorVersion;
				minimumVersion = 5.7.1;
			};
		};
		0EF2E03C2C3D640300F0E8CC /* XCRemoteSwiftPackageReference "Alamofire" */ = {
			isa = XCRemoteSwiftPackageReference;
			repositoryURL = "https://github.com/Alamofire/Alamofire";
			requirement = {
				kind = upToNextMajorVersion;
				minimumVersion = 5.9.1;
			};
		};
		0EF2E0442C3D694C00F0E8CC /* XCRemoteSwiftPackageReference "Then" */ = {
			isa = XCRemoteSwiftPackageReference;
			repositoryURL = "https://github.com/devxoul/Then";
			requirement = {
				kind = upToNextMajorVersion;
				minimumVersion = 3.0.0;
			};
		};
/* End XCRemoteSwiftPackageReference section */

/* Begin XCSwiftPackageProductDependency section */
		0EF2E03A2C3D63B400F0E8CC /* SnapKit */ = {
			isa = XCSwiftPackageProductDependency;
			package = 0EF2E0392C3D63B300F0E8CC /* XCRemoteSwiftPackageReference "SnapKit" */;
			productName = SnapKit;
		};
		0EF2E03D2C3D640300F0E8CC /* Alamofire */ = {
			isa = XCSwiftPackageProductDependency;
			package = 0EF2E03C2C3D640300F0E8CC /* XCRemoteSwiftPackageReference "Alamofire" */;
			productName = Alamofire;
		};
		0EF2E0452C3D694C00F0E8CC /* Then */ = {
			isa = XCSwiftPackageProductDependency;
			package = 0EF2E0442C3D694C00F0E8CC /* XCRemoteSwiftPackageReference "Then" */;
			productName = Then;
		};
/* End XCSwiftPackageProductDependency section */
	};
	rootObject = 0EF2E01A2C3D61BE00F0E8CC /* Project object */;
}
